
Microsoft Visual Studio Solution File, Format Version 12.00
# Visual Studio Version 17
VisualStudioVersion = 17.14.37301.10
MinimumVisualStudioVersion = 10.0.40219.1
Project("{FAE04EC0-301F-11D3-BF4B-00C04F79EFBC}") = "MPSPDotNetTrainingDapperSample", "DapperProj\MPSPDotNetTrainingDapperSample.csproj", "{3E597980-8496-46FF-8BFA-AEE8690161A7}"
EndProject
Project("{FAE04EC0-301F-11D3-BF4B-00C04F79EFBC}") = "MPSPDotNetTraining.ADO.NetSample", "DapperProj\MPSPDotNetTraining.ADO.NetSample.csproj", "{00D34B2F-EC6A-47E2-BB48-CC660E28F5E3}"
EndProject
Project("{FAE04EC0-301F-11D3-BF4B-00C04F79EFBC}") = "MPSPDotNetTraining.EFcoreSample", "DapperProj\MPSPDotNetTraining.EFcoreSample.csproj", "{F411D473-A287-46F9-BE8C-BDEAF1FA068D}"
EndProject
Global
	GlobalSection(SolutionConfigurationPlatforms) = preSolution
		Debug|Any CPU = Debug|Any CPU
		Release|Any CPU = Release|Any CPU
	EndGlobalSection
	GlobalSection(ProjectConfigurationPlatforms) = postSolution
		{3E597980-8496-46FF-8BFA-AEE8690161A7}.Debug|Any CPU.ActiveCfg = Debug|Any CPU
		{3E597980-8496-46FF-8BFA-AEE8690161A7}.Debug|Any CPU.Build.0 = Debug|Any CPU
		{3E597980-8496-46FF-8BFA-AEE8690161A7}.Release|Any CPU.ActiveCfg = Release|Any CPU
		{3E597980-8496-46FF-8BFA-AEE8690161A7}.Release|Any CPU.Build.0 = Release|Any CPU
		{00D34B2F-EC6A-47E2-BB48-CC660E28F5E3}.Debug|Any CPU.ActiveCfg = Debug|Any CPU
		{00D34B2F-EC6A-47E2-BB48-CC660E28F5E3}.Debug|Any CPU.Build.0 = Debug|Any CPU
		{00D34B2F-EC6A-47E2-BB48-CC660E28F5E3}.Release|Any CPU.ActiveCfg = Release|Any CPU
		{00D34B2F-EC6A-47E2-BB48-CC660E28F5E3}.Release|Any CPU.Build.0 = Release|Any CPU
		{F411D473-A287-46F9-BE8C-BDEAF1FA068D}.Debug|Any CPU.ActiveCfg = Debug|Any CPU
		{F411D473-A287-46F9-BE8C-BDEAF1FA068D}.Debug|Any CPU.Build.0 = Debug|Any CPU
		{F411D473-A287-46F9-BE8C-BDEAF1FA068D}.Release|Any CPU.ActiveCfg = Release|Any CPU
		{F411D473-A287-46F9-BE8C-BDEAF1FA068D}.Release|Any CPU.Build.0 = Release|Any CPU
	EndGlobalSection
	GlobalSection(SolutionProperties) = preSolution
		HideSolutionNode = FALSE
	EndGlobalSection
	GlobalSection(ExtensibilityGlobals) = postSolution
		SolutionGuid = {B1C5A547-18CF-46ED-B8BC-7CBFA14D8E76}
	EndGlobalSection
EndGlobal
